
Microsoft Visual Studio Solution File, Format Version 12.00
# Visual Studio Version 16
VisualStudioVersion = 16.0.30907.101
MinimumVisualStudioVersion = 10.0.40219.1
Project("{9A19103F-16F7-4668-BE54-9A1E7A4F7556}") = "DvBCrud.EFCore", "DvBCrud.EFCore\DvBCrud.EFCore.csproj", "{D2565219-C14B-44CC-969E-1EDBE01A04ED}"
EndProject
Project("{9A19103F-16F7-4668-BE54-9A1E7A4F7556}") = "DvBCrud.API", "DvBCrud.API\DvBCrud.API.csproj", "{E27EB620-1DF5-49ED-9C65-9B1DB6AFBCA1}"
	ProjectSection(ProjectDependencies) = postProject
		{D2565219-C14B-44CC-969E-1EDBE01A04ED} = {D2565219-C14B-44CC-969E-1EDBE01A04ED}
	EndProjectSection
EndProject
Project("{FAE04EC0-301F-11D3-BF4B-00C04F79EFBC}") = "DvBCrud.Tests.Mocks.API", "DvBCrud.Tests.Mocks.API\DvBCrud.Tests.Mocks.API.csproj", "{35AFA05C-A936-4EE0-8ED8-4E8EE272E668}"
EndProject
Project("{FAE04EC0-301F-11D3-BF4B-00C04F79EFBC}") = "DvBCrud.Shared", "DvBCrud.Shared\DvBCrud.Shared.csproj", "{15E7A7B1-0773-4539-B100-67BAC0E02DEE}"
EndProject
Project("{FAE04EC0-301F-11D3-BF4B-00C04F79EFBC}") = "DvBCrud.Tests.Mocks.Admin", "DvBCrud.Tests.Mocks.Admin\DvBCrud.Tests.Mocks.Admin.csproj", "{307BA6C2-D629-47DB-A798-6E15427D2FA7}"
EndProject
Project("{FAE04EC0-301F-11D3-BF4B-00C04F79EFBC}") = "DvBCrud.Admin", "DvBCrud.Admin\DvBCrud.Admin.csproj", "{60204746-44CB-4206-9681-7698EB6C22BF}"
EndProject
Project("{FAE04EC0-301F-11D3-BF4B-00C04F79EFBC}") = "DvBCrud.Tests", "DvBCrud.Tests\DvBCrud.Tests.csproj", "{F99F201A-4822-4508-B70C-C2F0FC66659F}"
EndProject
Global
	GlobalSection(SolutionConfigurationPlatforms) = preSolution
		Debug|Any CPU = Debug|Any CPU
		Release|Any CPU = Release|Any CPU
	EndGlobalSection
	GlobalSection(ProjectConfigurationPlatforms) = postSolution
		{D2565219-C14B-44CC-969E-1EDBE01A04ED}.Debug|Any CPU.ActiveCfg = Debug|Any CPU
		{D2565219-C14B-44CC-969E-1EDBE01A04ED}.Debug|Any CPU.Build.0 = Debug|Any CPU
		{D2565219-C14B-44CC-969E-1EDBE01A04ED}.Release|Any CPU.ActiveCfg = Release|Any CPU
		{D2565219-C14B-44CC-969E-1EDBE01A04ED}.Release|Any CPU.Build.0 = Release|Any CPU
		{E27EB620-1DF5-49ED-9C65-9B1DB6AFBCA1}.Debug|Any CPU.ActiveCfg = Debug|Any CPU
		{E27EB620-1DF5-49ED-9C65-9B1DB6AFBCA1}.Debug|Any CPU.Build.0 = Debug|Any CPU
		{E27EB620-1DF5-49ED-9C65-9B1DB6AFBCA1}.Release|Any CPU.ActiveCfg = Release|Any CPU
		{E27EB620-1DF5-49ED-9C65-9B1DB6AFBCA1}.Release|Any CPU.Build.0 = Release|Any CPU
		{35AFA05C-A936-4EE0-8ED8-4E8EE272E668}.Debug|Any CPU.ActiveCfg = Debug|Any CPU
		{35AFA05C-A936-4EE0-8ED8-4E8EE272E668}.Debug|Any CPU.Build.0 = Debug|Any CPU
		{35AFA05C-A936-4EE0-8ED8-4E8EE272E668}.Release|Any CPU.ActiveCfg = Release|Any CPU
		{35AFA05C-A936-4EE0-8ED8-4E8EE272E668}.Release|Any CPU.Build.0 = Release|Any CPU
		{15E7A7B1-0773-4539-B100-67BAC0E02DEE}.Debug|Any CPU.ActiveCfg = Debug|Any CPU
		{15E7A7B1-0773-4539-B100-67BAC0E02DEE}.Debug|Any CPU.Build.0 = Debug|Any CPU
		{15E7A7B1-0773-4539-B100-67BAC0E02DEE}.Release|Any CPU.ActiveCfg = Release|Any CPU
		{15E7A7B1-0773-4539-B100-67BAC0E02DEE}.Release|Any CPU.Build.0 = Release|Any CPU
		{307BA6C2-D629-47DB-A798-6E15427D2FA7}.Debug|Any CPU.ActiveCfg = Debug|Any CPU
		{307BA6C2-D629-47DB-A798-6E15427D2FA7}.Debug|Any CPU.Build.0 = Debug|Any CPU
		{307BA6C2-D629-47DB-A798-6E15427D2FA7}.Release|Any CPU.ActiveCfg = Release|Any CPU
		{307BA6C2-D629-47DB-A798-6E15427D2FA7}.Release|Any CPU.Build.0 = Release|Any CPU
		{60204746-44CB-4206-9681-7698EB6C22BF}.Debug|Any CPU.ActiveCfg = Debug|Any CPU
		{60204746-44CB-4206-9681-7698EB6C22BF}.Debug|Any CPU.Build.0 = Debug|Any CPU
		{60204746-44CB-4206-9681-7698EB6C22BF}.Release|Any CPU.ActiveCfg = Release|Any CPU
		{60204746-44CB-4206-9681-7698EB6C22BF}.Release|Any CPU.Build.0 = Release|Any CPU
		{F99F201A-4822-4508-B70C-C2F0FC66659F}.Debug|Any CPU.ActiveCfg = Debug|Any CPU
		{F99F201A-4822-4508-B70C-C2F0FC66659F}.Debug|Any CPU.Build.0 = Debug|Any CPU
		{F99F201A-4822-4508-B70C-C2F0FC66659F}.Release|Any CPU.ActiveCfg = Release|Any CPU
		{F99F201A-4822-4508-B70C-C2F0FC66659F}.Release|Any CPU.Build.0 = Release|Any CPU
	EndGlobalSection
	GlobalSection(SolutionProperties) = preSolution
		HideSolutionNode = FALSE
	EndGlobalSection
	GlobalSection(ExtensibilityGlobals) = postSolution
		SolutionGuid = {E54F41F1-80A3-4CC1-8E1A-4FF314DD5DF5}
	EndGlobalSection
EndGlobal
