
Microsoft Visual Studio Solution File, Format Version 12.00
# Visual Studio Version 16
VisualStudioVersion = 16.0.30907.101
MinimumVisualStudioVersion = 10.0.40219.1
Project("{9A19103F-16F7-4668-BE54-9A1E7A4F7556}") = "DvBCrud.EFCore", "DvBCrud.EFCore\DvBCrud.EFCore.csproj", "{D2565219-C14B-44CC-969E-1EDBE01A04ED}"
EndProject
Project("{9A19103F-16F7-4668-BE54-9A1E7A4F7556}") = "DvBCrud.EFCore.Tests", "DvBCrud.EFCore.Tests\DvBCrud.EFCore.Tests.csproj", "{86DD4D80-B9B5-4ECC-AB96-219B92840A01}"
	ProjectSection(ProjectDependencies) = postProject
		{D2565219-C14B-44CC-969E-1EDBE01A04ED} = {D2565219-C14B-44CC-969E-1EDBE01A04ED}
	EndProjectSection
EndProject
Project("{2150E333-8FDC-42A3-9474-1A3956D46DE8}") = "Solution Items", "Solution Items", "{8A23A7BB-9063-4647-B494-FBF99C9EF63A}"
	ProjectSection(SolutionItems) = preProject
		.gitignore = .gitignore
		.travis.yml = .travis.yml
		deploy.sh = deploy.sh
		LICENSE = LICENSE
		README.md = README.md
	EndProjectSection
EndProject
Project("{9A19103F-16F7-4668-BE54-9A1E7A4F7556}") = "DvBCrud.EFCore.API", "DvBCrud.EFCore.API\DvBCrud.EFCore.API.csproj", "{E27EB620-1DF5-49ED-9C65-9B1DB6AFBCA1}"
	ProjectSection(ProjectDependencies) = postProject
		{D2565219-C14B-44CC-969E-1EDBE01A04ED} = {D2565219-C14B-44CC-969E-1EDBE01A04ED}
	EndProjectSection
EndProject
Project("{9A19103F-16F7-4668-BE54-9A1E7A4F7556}") = "DvBCrud.EFCore.API.Tests", "DvBCrud.EFCore.API.Tests\DvBCrud.EFCore.API.Tests.csproj", "{3493858F-BFDD-43B1-93B5-FFF6E21B0F3A}"
EndProject
Project("{9A19103F-16F7-4668-BE54-9A1E7A4F7556}") = "DvBCrud.EFCore.API.Mocks", "DvBCrud.EFCore.API.Mocks\DvBCrud.EFCore.API.Mocks.csproj", "{CD23ADB5-6755-4682-8EC7-B7D71C591518}"
EndProject
Project("{9A19103F-16F7-4668-BE54-9A1E7A4F7556}") = "DvBCrud.EFCore.Mocks", "DvBCrud.EFCore.Mocks\DvBCrud.EFCore.Mocks.csproj", "{A5A4E164-0F9B-4C39-A81D-1D0E8C407B7D}"
EndProject
Global
	GlobalSection(SolutionConfigurationPlatforms) = preSolution
		Debug|Any CPU = Debug|Any CPU
		Release|Any CPU = Release|Any CPU
	EndGlobalSection
	GlobalSection(ProjectConfigurationPlatforms) = postSolution
		{D2565219-C14B-44CC-969E-1EDBE01A04ED}.Debug|Any CPU.ActiveCfg = Debug|Any CPU
		{D2565219-C14B-44CC-969E-1EDBE01A04ED}.Debug|Any CPU.Build.0 = Debug|Any CPU
		{D2565219-C14B-44CC-969E-1EDBE01A04ED}.Release|Any CPU.ActiveCfg = Release|Any CPU
		{D2565219-C14B-44CC-969E-1EDBE01A04ED}.Release|Any CPU.Build.0 = Release|Any CPU
		{86DD4D80-B9B5-4ECC-AB96-219B92840A01}.Debug|Any CPU.ActiveCfg = Debug|Any CPU
		{86DD4D80-B9B5-4ECC-AB96-219B92840A01}.Debug|Any CPU.Build.0 = Debug|Any CPU
		{86DD4D80-B9B5-4ECC-AB96-219B92840A01}.Release|Any CPU.ActiveCfg = Release|Any CPU
		{86DD4D80-B9B5-4ECC-AB96-219B92840A01}.Release|Any CPU.Build.0 = Release|Any CPU
		{E27EB620-1DF5-49ED-9C65-9B1DB6AFBCA1}.Debug|Any CPU.ActiveCfg = Debug|Any CPU
		{E27EB620-1DF5-49ED-9C65-9B1DB6AFBCA1}.Debug|Any CPU.Build.0 = Debug|Any CPU
		{E27EB620-1DF5-49ED-9C65-9B1DB6AFBCA1}.Release|Any CPU.ActiveCfg = Release|Any CPU
		{E27EB620-1DF5-49ED-9C65-9B1DB6AFBCA1}.Release|Any CPU.Build.0 = Release|Any CPU
		{3493858F-BFDD-43B1-93B5-FFF6E21B0F3A}.Debug|Any CPU.ActiveCfg = Debug|Any CPU
		{3493858F-BFDD-43B1-93B5-FFF6E21B0F3A}.Debug|Any CPU.Build.0 = Debug|Any CPU
		{3493858F-BFDD-43B1-93B5-FFF6E21B0F3A}.Release|Any CPU.ActiveCfg = Release|Any CPU
		{3493858F-BFDD-43B1-93B5-FFF6E21B0F3A}.Release|Any CPU.Build.0 = Release|Any CPU
		{CD23ADB5-6755-4682-8EC7-B7D71C591518}.Debug|Any CPU.ActiveCfg = Debug|Any CPU
		{CD23ADB5-6755-4682-8EC7-B7D71C591518}.Debug|Any CPU.Build.0 = Debug|Any CPU
		{CD23ADB5-6755-4682-8EC7-B7D71C591518}.Release|Any CPU.ActiveCfg = Release|Any CPU
		{CD23ADB5-6755-4682-8EC7-B7D71C591518}.Release|Any CPU.Build.0 = Release|Any CPU
		{A5A4E164-0F9B-4C39-A81D-1D0E8C407B7D}.Debug|Any CPU.ActiveCfg = Debug|Any CPU
		{A5A4E164-0F9B-4C39-A81D-1D0E8C407B7D}.Debug|Any CPU.Build.0 = Debug|Any CPU
		{A5A4E164-0F9B-4C39-A81D-1D0E8C407B7D}.Release|Any CPU.ActiveCfg = Release|Any CPU
		{A5A4E164-0F9B-4C39-A81D-1D0E8C407B7D}.Release|Any CPU.Build.0 = Release|Any CPU
	EndGlobalSection
	GlobalSection(SolutionProperties) = preSolution
		HideSolutionNode = FALSE
	EndGlobalSection
	GlobalSection(ExtensibilityGlobals) = postSolution
		SolutionGuid = {E54F41F1-80A3-4CC1-8E1A-4FF314DD5DF5}
	EndGlobalSection
EndGlobal
